
Microsoft Visual Studio Solution File, Format Version 12.00
# Visual Studio Version 17
VisualStudioVersion = 17.12.35707.178
MinimumVisualStudioVersion = 10.0.40219.1
Project("{FAE04EC0-301F-11D3-BF4B-00C04F79EFBC}") = "CRMSystem", "CRMSystem\CRMSystem.csproj", "{B661676F-BE3B-4621-B705-DE2CDB10BEBD}"
EndProject
Project("{FAE04EC0-301F-11D3-BF4B-00C04F79EFBC}") = "CRMSystem.Admin", "CRMSystem.Admin\CRMSystem.Admin.csproj", "{0556B544-565D-41F6-BF54-4D7B2C64AB9C}"
EndProject
Project("{FAE04EC0-301F-11D3-BF4B-00C04F79EFBC}") = "CRMSystem.WebAPI", "CRMSystem.WebAPI\CRMSystem.WebAPI.csproj", "{C9EDDAF8-1F2F-4841-8F24-7A45A67967BA}"
EndProject
Global
	GlobalSection(SolutionConfigurationPlatforms) = preSolution
		Debug|Any CPU = Debug|Any CPU
		Release|Any CPU = Release|Any CPU
	EndGlobalSection
	GlobalSection(ProjectConfigurationPlatforms) = postSolution
		{B661676F-BE3B-4621-B705-DE2CDB10BEBD}.Debug|Any CPU.ActiveCfg = Debug|Any CPU
		{B661676F-BE3B-4621-B705-DE2CDB10BEBD}.Debug|Any CPU.Build.0 = Debug|Any CPU
		{B661676F-BE3B-4621-B705-DE2CDB10BEBD}.Release|Any CPU.ActiveCfg = Release|Any CPU
		{B661676F-BE3B-4621-B705-DE2CDB10BEBD}.Release|Any CPU.Build.0 = Release|Any CPU
		{0556B544-565D-41F6-BF54-4D7B2C64AB9C}.Debug|Any CPU.ActiveCfg = Debug|Any CPU
		{0556B544-565D-41F6-BF54-4D7B2C64AB9C}.Debug|Any CPU.Build.0 = Debug|Any CPU
		{0556B544-565D-41F6-BF54-4D7B2C64AB9C}.Release|Any CPU.ActiveCfg = Release|Any CPU
		{0556B544-565D-41F6-BF54-4D7B2C64AB9C}.Release|Any CPU.Build.0 = Release|Any CPU
		{C9EDDAF8-1F2F-4841-8F24-7A45A67967BA}.Debug|Any CPU.ActiveCfg = Debug|Any CPU
		{C9EDDAF8-1F2F-4841-8F24-7A45A67967BA}.Debug|Any CPU.Build.0 = Debug|Any CPU
		{C9EDDAF8-1F2F-4841-8F24-7A45A67967BA}.Release|Any CPU.ActiveCfg = Release|Any CPU
		{C9EDDAF8-1F2F-4841-8F24-7A45A67967BA}.Release|Any CPU.Build.0 = Release|Any CPU
	EndGlobalSection
	GlobalSection(SolutionProperties) = preSolution
		HideSolutionNode = FALSE
	EndGlobalSection
	GlobalSection(ExtensibilityGlobals) = postSolution
		SolutionGuid = {6282AE21-F113-40D3-B879-B65EE37BC56B}
	EndGlobalSection
EndGlobal
